{
  "name": "lattice",
  "version": "0.1.0",
  "lockfileVersion": 3,
  "requires": true,
  "packages": {
    "": {
      "name": "lattice",
      "version": "0.1.0",
      "dependencies": {
        "@google/generative-ai": "^0.24.1",
        "groq-sdk": "^1.2.0"
      },
      "devDependencies": {
        "@types/node": "16.x",
        "@types/vscode": "^1.74.0",
        "typescript": "^5.3.3"
      },
      "engines": {
        "vscode": "^1.84.0"
      }
    },
    "node_modules/@google/generative-ai": {
      "version": "0.24.1",
      "resolved": "https://registry.npmjs.org/@google/generative-ai/-/generative-ai-0.24.1.tgz",
      "integrity": "sha512-MqO+MLfM6kjxcKoy0p1wRzG3b4ZZXtPI+z2IE26UogS2Cm/XHO+7gGRBh6gcJsOiIVoH93UwKvW4HdgiOZCy9Q==",
      "license": "Apache-2.0",
      "engines": {
        "node": ">=18.0.0"
      }
    },
    "node_modules/@types/node": {
      "version": "16.18.126",
      "resolved": "https://registry.npmjs.org/@types/node/-/node-16.18.126.tgz",
      "integrity": "sha512-OTcgaiwfGFBKacvfwuHzzn1KLxH/er8mluiy8/uM3sGXHaRe73RrSIj01jow9t4kJEW633Ov+cOexXeiApTyAw==",
      "dev": true,
      "license": "MIT"
    },
    "node_modules/@types/vscode": {
      "version": "1.110.0",
      "resolved": "https://registry.npmjs.org/@types/vscode/-/vscode-1.110.0.tgz",
      "integrity": "sha512-AGuxUEpU4F4mfuQjxPPaQVyuOMhs+VT/xRok1jiHVBubHK7lBRvCuOMZG0LKUwxncrPorJ5qq/uil3IdZBd5lA==",
      "dev": true,
      "license": "MIT"
    },
    "node_modules/groq-sdk": {
      "version": "1.2.0",
      "resolved": "https://registry.npmjs.org/groq-sdk/-/groq-sdk-1.2.0.tgz",
      "integrity": "sha512-pMhSYXWcjiqvbOeKdv2zjci1BYjGdp04a40hnmQmJpKJyB6oa+gRndAqE128gwR0NLgYO+Wt1fIF46KNHcplsw==",
      "license": "Apache-2.0",
      "bin": {
        "groq-sdk": "bin/cli"
      }
    },
    "node_modules/typescript": {
      "version": "5.9.3",
      "resolved": "https://registry.npmjs.org/typescript/-/typescript-5.9.3.tgz",
      "integrity": "sha512-jl1vZzPDinLr9eUt3J/t7V6FgNEw9QjvBPdysz9KfQDD41fQrC2Y4vKQdiaUpFT4bXlb1RHhLpp8wtm6M5TgSw==",
      "dev": true,
      "license": "Apache-2.0",
      "bin": {
        "tsc": "bin/tsc",
        "tsserver": "bin/tsserver"
      },
      "engines": {
        "node": ">=14.17"
      }
    }
  }
}
